
Microsoft Visual Studio Solution File, Format Version 12.00
# Visual Studio 15
VisualStudioVersion = 15.0.28307.572
MinimumVisualStudioVersion = 10.0.40219.1
Project("{FAE04EC0-301F-11D3-BF4B-00C04F79EFBC}") = "HesapMakinesi", "HesapMakinesi\HesapMakinesi.csproj", "{B73C93F2-7160-4DF7-87E0-83A1F13091C8}"
EndProject
Global
	GlobalSection(SolutionConfigurationPlatforms) = preSolution
		Debug|Any CPU = Debug|Any CPU
		Release|Any CPU = Release|Any CPU
	EndGlobalSection
	GlobalSection(ProjectConfigurationPlatforms) = postSolution
		{B73C93F2-7160-4DF7-87E0-83A1F13091C8}.Debug|Any CPU.ActiveCfg = Debug|Any CPU
		{B73C93F2-7160-4DF7-87E0-83A1F13091C8}.Debug|Any CPU.Build.0 = Debug|Any CPU
		{B73C93F2-7160-4DF7-87E0-83A1F13091C8}.Release|Any CPU.ActiveCfg = Release|Any CPU
		{B73C93F2-7160-4DF7-87E0-83A1F13091C8}.Release|Any CPU.Build.0 = Release|Any CPU
	EndGlobalSection
	GlobalSection(SolutionProperties) = preSolution
		HideSolutionNode = FALSE
	EndGlobalSection
	GlobalSection(ExtensibilityGlobals) = postSolution
		SolutionGuid = {69D75C16-1E18-426E-B749-66255AFEDFCD}
	EndGlobalSection
EndGlobal
